{
  "name": "react-ex",
  "version": "0.1.0",
  "lockfileVersion": 1,
  "requires": true,
  "dependencies": {
    "@babel/runtime": {
      "version": "7.5.5",
      "resolved": "https://registry.npmjs.org/@babel/runtime/-/runtime-7.5.5.tgz",
      "integrity": "sha512-28QvEGyQyNkB0/m2B4FU7IEZGK2NUrcMtT6BZEFALTguLk+AUT6ofsHtPk5QyjAdUkpMJ+/Em+quwz4HOt30AQ==",
      "requires": {
        "regenerator-runtime": "0.13.2"
      }
    },
    "@babel/runtime-corejs2": {
      "version": "7.5.5",
      "resolved": "https://registry.npmjs.org/@babel/runtime-corejs2/-/runtime-corejs2-7.5.5.tgz",
      "integrity": "sha512-FYATQVR00NSNi7mUfpPDp7E8RYMXDuO8gaix7u/w3GekfUinKgX1AcTxs7SoiEmoEW9mbpjrwqWSW6zCmw5h8A==",
      "requires": {
        "core-js": "2.6.9",
        "regenerator-runtime": "0.13.2"
      }
    },
    "@date-io/core": {
      "version": "1.3.8",
      "resolved": "https://registry.npmjs.org/@date-io/core/-/core-1.3.8.tgz",
      "integrity": "sha512-XlvpzhipF/badZEJPAfgXRX9bFG2UpFl1T6O0hn1RzWJf3yexf9/M2wcEm6jh7RVyrlSayttkXtGPqVPdoJQ7Q=="
    },
    "@date-io/date-fns": {
      "version": "1.3.8",
      "resolved": "https://registry.npmjs.org/@date-io/date-fns/-/date-fns-1.3.8.tgz",
      "integrity": "sha512-vlMRbaCIC1NTjGXL8QWsc9v/7EJwtciUYWCYw1+PXkmpPr1W4GbckvLYvFhGSlQ8ibIh0JKB1yP4bozSb3Tu+w==",
      "requires": {
        "@date-io/core": "1.3.8"
      }
    },
    "@emotion/hash": {
      "version": "0.7.2",
      "resolved": "https://registry.npmjs.org/@emotion/hash/-/hash-0.7.2.tgz",
      "integrity": "sha512-RMtr1i6E8MXaBWwhXL3yeOU8JXRnz8GNxHvaUfVvwxokvayUY0zoBeWbKw1S9XkufmGEEdQd228pSZXFkAln8Q=="
    },
    "@material-ui/core": {
      "version": "4.2.1",
      "resolved": "https://registry.npmjs.org/@material-ui/core/-/core-4.2.1.tgz",
      "integrity": "sha512-hasPQUFAb9OxKng7UX2+SjUWtVZbnkVJ/jHZWXTivVcU+UzvNIpA9AyRRQvZ8SPV6swP/HD2VzUBzoMEeRR6wg==",
      "requires": {
        "@babel/runtime": "7.5.5",
        "@material-ui/styles": "4.2.1",
        "@material-ui/system": "4.3.1",
        "@material-ui/types": "4.1.1",
        "@material-ui/utils": "4.1.0",
        "@types/react-transition-group": "2.9.2",
        "clsx": "1.0.4",
        "convert-css-length": "2.0.1",
        "deepmerge": "4.0.0",
        "hoist-non-react-statics": "3.3.0",
        "is-plain-object": "3.0.0",
        "normalize-scroll-left": "0.2.0",
        "popper.js": "1.15.0",
        "prop-types": "15.7.2",
        "react-transition-group": "4.2.1",
        "warning": "4.0.3"
      }
    },
    "@material-ui/pickers": {
      "version": "3.2.0",
      "resolved": "https://registry.npmjs.org/@material-ui/pickers/-/pickers-3.2.0.tgz",
      "integrity": "sha512-/bn90Vl6U22/Od2QGirSg1U9fk/YjzLtkHdwmS4crE6HjVzApi5l8kcOC2j+gDHggs3J6zO+4eq3DK5kGYN6Jg==",
      "requires": {
        "@types/styled-jsx": "2.2.8",
        "clsx": "1.0.4",
        "react-transition-group": "4.2.1",
        "rifm": "0.7.0",
        "tslib": "1.10.0"
      }
    },
    "@material-ui/styles": {
      "version": "4.2.1",
      "resolved": "https://registry.npmjs.org/@material-ui/styles/-/styles-4.2.1.tgz",
      "integrity": "sha512-1KSOZ17LBWBqIyPRsEpyb4snT/wRIfQTPi0x66UvSzznVK9MPAfJx3/s5lVT4vrGFObs/nj6Pet6Nhrdl2WCrg==",
      "requires": {
        "@babel/runtime": "7.5.5",
        "@emotion/hash": "0.7.2",
        "@material-ui/types": "4.1.1",
        "@material-ui/utils": "4.1.0",
        "clsx": "1.0.4",
        "csstype": "2.6.6",
        "deepmerge": "4.0.0",
        "hoist-non-react-statics": "3.3.0",
        "jss": "10.0.0-alpha.17",
        "jss-plugin-camel-case": "10.0.0-alpha.17",
        "jss-plugin-default-unit": "10.0.0-alpha.17",
        "jss-plugin-global": "10.0.0-alpha.17",
        "jss-plugin-nested": "10.0.0-alpha.17",
        "jss-plugin-props-sort": "10.0.0-alpha.17",
        "jss-plugin-rule-value-function": "10.0.0-alpha.17",
        "jss-plugin-vendor-prefixer": "10.0.0-alpha.17",
        "prop-types": "15.7.2",
        "warning": "4.0.3"
      }
    },
    "@material-ui/system": {
      "version": "4.3.1",
      "resolved": "https://registry.npmjs.org/@material-ui/system/-/system-4.3.1.tgz",
      "integrity": "sha512-Krrc/p/A3rod4M3FYcsWSqE5KxpoyMzYuUHhs0Pns3KH+5kcFyBU+aYbIzMfUz58rhbHkqrShf1fjj7EKcgY0g==",
      "requires": {
        "@babel/runtime": "7.5.5",
        "deepmerge": "4.0.0",
        "prop-types": "15.7.2",
        "warning": "4.0.3"
      }
    },
    "@material-ui/types": {
      "version": "4.1.1",
      "resolved": "https://registry.npmjs.org/@material-ui/types/-/types-4.1.1.tgz",
      "integrity": "sha512-AN+GZNXytX9yxGi0JOfxHrRTbhFybjUJ05rnsBVjcB+16e466Z0Xe5IxawuOayVZgTBNDxmPKo5j4V6OnMtaSQ==",
      "requires": {
        "@types/react": "16.8.23"
      }
    },
    "@material-ui/utils": {
      "version": "4.1.0",
      "resolved": "https://registry.npmjs.org/@material-ui/utils/-/utils-4.1.0.tgz",
      "integrity": "sha512-muwmVU799tzPjzb+Q5E/CTDle0rXwkCAdvMVyU0BfbJhenkUsFmuYiCmbvMVOU1m6F1S5HWfXz8EP4pXwwAvrw==",
      "requires": {
        "@babel/runtime": "7.5.5",
        "prop-types": "15.7.2",
        "react-is": "16.8.6"
      }
    },
    "@material/animation": {
      "version": "1.0.0",
      "resolved": "https://registry.npmjs.org/@material/animation/-/animation-1.0.0.tgz",
      "integrity": "sha512-Ed5/vggn6ZhSJ87yn3ZS1d826VJNFz73jHF2bSsgRtHDoB8KCuOwQMfdgAgDa4lKDF6CDIPCKBZPKrs2ubehdw==",
      "requires": {
        "tslib": "1.10.0"
      }
    },
    "@material/base": {
      "version": "1.0.0",
      "resolved": "https://registry.npmjs.org/@material/base/-/base-1.0.0.tgz",
      "integrity": "sha512-5dxFp46x5FA+Epg6YHLzN+5zRt9S2wR84UdvVAEJ1egea94m9UHUg7y9tAnNSN16aexRSywmzyLwPr+i8PGEYA==",
      "requires": {
        "tslib": "1.10.0"
      }
    },
    "@material/card": {
      "version": "2.3.0",
      "resolved": "https://registry.npmjs.org/@material/card/-/card-2.3.0.tgz",
      "integrity": "sha512-udVIanyz3KhZ8IfZjX2Yg+YJxU+oYdP9RbCM3hl7l1aqvNr8WSAy/YZ60Ue54fuN+0CpXiNpz1J8GyDktUZKKg==",
      "requires": {
        "@material/elevation": "1.1.0",
        "@material/feature-targeting": "0.44.1",
        "@material/ripple": "2.3.0",
        "@material/rtl": "0.42.0",
        "@material/shape": "1.1.1",
        "@material/theme": "1.1.0"
      }
    },
    "@material/dom": {
      "version": "1.1.0",
      "resolved": "https://registry.npmjs.org/@material/dom/-/dom-1.1.0.tgz",
      "integrity": "sha512-+HWW38ZaM2UBPu4+7QCusLDSf4tFT31rsEXHkTkxYSg/QpDivfPx6YDz4OmYtafmhPR1d1YjqB3MYysUHdodyw==",
      "requires": {
        "tslib": "1.10.0"
      }
    },
    "@material/elevation": {
      "version": "1.1.0",
      "resolved": "https://registry.npmjs.org/@material/elevation/-/elevation-1.1.0.tgz",
      "integrity": "sha512-m4eATJvDhWK1BT+yA1iHz5mhAk8cV9olC4mjVzm4PTAqhDH2yya4WzjN1HPVHE/a65ObyZ7V4qopxu9MRocm3A==",
      "requires": {
        "@material/animation": "1.0.0",
        "@material/feature-targeting": "0.44.1",
        "@material/theme": "1.1.0"
      }
    },
    "@material/feature-targeting": {
      "version": "0.44.1",
      "resolved": "https://registry.npmjs.org/@material/feature-targeting/-/feature-targeting-0.44.1.tgz",
      "integrity": "sha512-90cc7njn4aHbH9UxY8qgZth1W5JgOgcEdWdubH1t7sFkwqFxS5g3zgxSBt46TygFBVIXNZNq35Xmg80wgqO7Pg=="
    },
    "@material/react-card": {
      "version": "0.14.1",
      "resolved": "https://registry.npmjs.org/@material/react-card/-/react-card-0.14.1.tgz",
      "integrity": "sha512-w2iOu/1pnfkTWeFyX0AbPqBzf/EIGkx/oZWM0l3KBtREgxPjb8BWrOevUdrNjQjmDIicpm5l9FV+50BZL4qKyw==",
      "requires": {
        "@material/card": "2.3.0",
        "@material/react-ripple": "0.14.1",
        "classnames": "2.2.6"
      }
    },
    "@material/react-ripple": {
      "version": "0.14.1",
      "resolved": "https://registry.npmjs.org/@material/react-ripple/-/react-ripple-0.14.1.tgz",
      "integrity": "sha512-UWrE6u7WiGihIB1eQfXr7pt2ZNLhphN4AQayz2x1ZTvKuQ4etGOyRkFeZcaBuv0Qb5f8UE76YsO+4yVUQsKGqQ==",
      "requires": {
        "@material/dom": "1.1.0",
        "@material/ripple": "1.1.0",
        "classnames": "2.2.6",
        "utility-types": "3.7.0"
      },
      "dependencies": {
        "@material/ripple": {
          "version": "1.1.0",
          "resolved": "https://registry.npmjs.org/@material/ripple/-/ripple-1.1.0.tgz",
          "integrity": "sha512-mkfDBZAmxjpRG7V9TrfOmLxt1g/wvGHCXtYPgvH7W8ozjf53edqxLOFENEdvHbie27y9nyixzXn0gzU0HnxSeA==",
          "requires": {
            "@material/animation": "1.0.0",
            "@material/base": "1.0.0",
            "@material/dom": "1.1.0",
            "@material/feature-targeting": "0.44.1",
            "@material/theme": "1.1.0",
            "tslib": "1.10.0"
          }
        }
      }
    },
    "@material/ripple": {
      "version": "2.3.0",
      "resolved": "https://registry.npmjs.org/@material/ripple/-/ripple-2.3.0.tgz",
      "integrity": "sha512-ejXR0nstERofFhssRyFlwOLgebwm2uGbarHtWZ2/+7QY2Th/Z1wOqNb2h/WRoShsJXK11RUsochb6BJrg30u7w==",
      "requires": {
        "@material/animation": "1.0.0",
        "@material/base": "1.0.0",
        "@material/dom": "1.1.0",
        "@material/feature-targeting": "0.44.1",
        "@material/theme": "1.1.0",
        "tslib": "1.10.0"
      }
    },
    "@material/rtl": {
      "version": "0.42.0",
      "resolved": "https://registry.npmjs.org/@material/rtl/-/rtl-0.42.0.tgz",
      "integrity": "sha512-VrnrKJzhmspsN8WXHuxxBZ69yM5IwhCUqWr1t1eNfw3ZEvEj7i1g3P31HGowKThIN1dc1Wh4LE14rCISWCtv5w=="
    },
    "@material/shape": {
      "version": "1.1.1",
      "resolved": "https://registry.npmjs.org/@material/shape/-/shape-1.1.1.tgz",
      "integrity": "sha512-Jge/h1XBLjdLlam4QMSzVgM99e/N8+elQROPkltqVP7eyLc17BwM3aP5cLVfZDgrJgvsjUxbgAP1H1j8sqmUyg==",
      "requires": {
        "@material/feature-targeting": "0.44.1"
      }
    },
    "@material/theme": {
      "version": "1.1.0",
      "resolved": "https://registry.npmjs.org/@material/theme/-/theme-1.1.0.tgz",
      "integrity": "sha512-YYUV9Rhbx4r/EMb/zoOYJUWjhXChNaLlH1rqt3vpNVyxRcxGqoVMGp5u1XALBCFiD9dACPKLIkKyRYa928nmPQ==",
      "requires": {
        "@material/feature-targeting": "0.44.1"
      }
    },
    "@types/prop-types": {
      "version": "15.7.1",
      "resolved": "https://registry.npmjs.org/@types/prop-types/-/prop-types-15.7.1.tgz",
      "integrity": "sha512-CFzn9idOEpHrgdw8JsoTkaDDyRWk1jrzIV8djzcgpq0y9tG4B4lFT+Nxh52DVpDXV+n4+NPNv7M1Dj5uMp6XFg=="
    },
    "@types/react": {
      "version": "16.8.23",
      "resolved": "https://registry.npmjs.org/@types/react/-/react-16.8.23.tgz",
      "integrity": "sha512-abkEOIeljniUN9qB5onp++g0EY38h7atnDHxwKUFz1r3VH1+yG1OKi2sNPTyObL40goBmfKFpdii2lEzwLX1cA==",
      "requires": {
        "@types/prop-types": "15.7.1",
        "csstype": "2.6.6"
      }
    },
    "@types/react-transition-group": {
      "version": "2.9.2",
      "resolved": "https://registry.npmjs.org/@types/react-transition-group/-/react-transition-group-2.9.2.tgz",
      "integrity": "sha512-5Fv2DQNO+GpdPZcxp2x/OQG/H19A01WlmpjVD9cKvVFmoVLOZ9LvBgSWG6pSXIU4og5fgbvGPaCV5+VGkWAEHA==",
      "requires": {
        "@types/react": "16.8.23"
      }
    },
    "@types/styled-jsx": {
      "version": "2.2.8",
      "resolved": "https://registry.npmjs.org/@types/styled-jsx/-/styled-jsx-2.2.8.tgz",
      "integrity": "sha512-Yjye9VwMdYeXfS71ihueWRSxrruuXTwKCbzue4+5b2rjnQ//AtyM7myZ1BEhNhBQ/nL/RE7bdToUoLln2miKvg==",
      "requires": {
        "@types/react": "16.8.23"
      }
    },
    "classnames": {
      "version": "2.2.6",
      "resolved": "https://registry.npmjs.org/classnames/-/classnames-2.2.6.tgz",
      "integrity": "sha512-JR/iSQOSt+LQIWwrwEzJ9uk0xfN3mTVYMwt1Ir5mUcSN6pU+V4zQFFaJsclJbPuAUQH+yfWef6tm7l1quW3C8Q=="
    },
    "clsx": {
      "version": "1.0.4",
      "resolved": "https://registry.npmjs.org/clsx/-/clsx-1.0.4.tgz",
      "integrity": "sha512-1mQ557MIZTrL/140j+JVdRM6e31/OA4vTYxXgqIIZlndyfjHpyawKZia1Im05Vp9BWmImkcNrNtFYQMyFcgJDg=="
    },
    "convert-css-length": {
      "version": "2.0.1",
      "resolved": "https://registry.npmjs.org/convert-css-length/-/convert-css-length-2.0.1.tgz",
      "integrity": "sha512-iGpbcvhLPRKUbBc0Quxx7w/bV14AC3ItuBEGMahA5WTYqB8lq9jH0kTXFheCBASsYnqeMFZhiTruNxr1N59Axg=="
    },
    "core-js": {
      "version": "2.6.9",
      "resolved": "https://registry.npmjs.org/core-js/-/core-js-2.6.9.tgz",
      "integrity": "sha512-HOpZf6eXmnl7la+cUdMnLvUxKNqLUzJvgIziQ0DiF3JwSImNphIqdGqzj6hIKyX04MmV0poclQ7+wjWvxQyR2A=="
    },
    "css-box-model": {
      "version": "1.1.3",
      "resolved": "https://registry.npmjs.org/css-box-model/-/css-box-model-1.1.3.tgz",
      "integrity": "sha512-qBsLTX8giq7dnep+kXlh5YvDLofO65PDvigAdJbU5zBsmzuCl6uxfTkGexkyIhfnMoZ/bXrCHcXmHeVRHzbs3A==",
      "requires": {
        "tiny-invariant": "1.0.6"
      }
    },
    "css-vendor": {
      "version": "2.0.5",
      "resolved": "https://registry.npmjs.org/css-vendor/-/css-vendor-2.0.5.tgz",
      "integrity": "sha512-36w+4Cg0zqFIt5TAkaM3proB6XWh5kSGmbddRCPdrRLQiYNfHPTgaWPOlCrcuZIO0iAtrG+5wsHJZ6jj8AUULA==",
      "requires": {
        "@babel/runtime": "7.5.5",
        "is-in-browser": "1.1.3"
      }
    },
    "csstype": {
      "version": "2.6.6",
      "resolved": "https://registry.npmjs.org/csstype/-/csstype-2.6.6.tgz",
      "integrity": "sha512-RpFbQGUE74iyPgvr46U9t1xoQBM8T4BL8SxrN66Le2xYAPSaDJJKeztV3awugusb3g3G9iL8StmkBBXhcbbXhg=="
    },
    "date-fns": {
      "version": "2.0.0-beta.2",
      "resolved": "https://registry.npmjs.org/date-fns/-/date-fns-2.0.0-beta.2.tgz",
      "integrity": "sha512-4cicZF707RNerr3/Q3CcdLo+3OHMCfrRXE7h5iFgn7AMvX07sqKLxSf8Yp+WJW5bvKr2cy9/PkctXLv4iFtOaA=="
    },
    "debounce": {
      "version": "1.2.0",
      "resolved": "https://registry.npmjs.org/debounce/-/debounce-1.2.0.tgz",
      "integrity": "sha512-mYtLl1xfZLi1m4RtQYlZgJUNQjl4ZxVnHzIR8nLLgi4q1YT8o/WM+MK/f8yfcc9s5Ir5zRaPZyZU6xs1Syoocg=="
    },
    "deepmerge": {
      "version": "4.0.0",
      "resolved": "https://registry.npmjs.org/deepmerge/-/deepmerge-4.0.0.tgz",
      "integrity": "sha512-YZ1rOP5+kHor4hMAH+HRQnBQHg+wvS1un1hAOuIcxcBy0hzcUf6Jg2a1w65kpoOUnurOfZbERwjI1TfZxNjcww=="
    },
    "dom-helpers": {
      "version": "3.4.0",
      "resolved": "https://registry.npmjs.org/dom-helpers/-/dom-helpers-3.4.0.tgz",
      "integrity": "sha512-LnuPJ+dwqKDIyotW1VzmOZ5TONUN7CwkCR5hrgawTUbkBGYdeoNLZo6nNfGkCrjtE1nXXaj7iMMpDa8/d9WoIA==",
      "requires": {
        "@babel/runtime": "7.5.5"
      }
    },
    "filefy": {
      "version": "0.1.9",
      "resolved": "https://registry.npmjs.org/filefy/-/filefy-0.1.9.tgz",
      "integrity": "sha512-M+9HcR+Hu0LTh5qYTHRnmA2dm+WBHCG6WU+Biw/84RamiV41DzEArSLockUQ0qCSV1fJI0BoCpnniVG/Ch5tMw=="
    },
    "gud": {
      "version": "1.0.0",
      "resolved": "https://registry.npmjs.org/gud/-/gud-1.0.0.tgz",
      "integrity": "sha512-zGEOVKFM5sVPPrYs7J5/hYEw2Pof8KCyOwyhG8sAF26mCAeUFAcYPu1mwB7hhpIP29zOIBaDqwuHdLp0jvZXjw=="
    },
    "history": {
      "version": "4.9.0",
      "resolved": "https://registry.npmjs.org/history/-/history-4.9.0.tgz",
      "integrity": "sha512-H2DkjCjXf0Op9OAr6nJ56fcRkTSNrUiv41vNJ6IswJjif6wlpZK0BTfFbi7qK9dXLSYZxkq5lBsj3vUjlYBYZA==",
      "requires": {
        "@babel/runtime": "7.5.5",
        "loose-envify": "1.4.0",
        "resolve-pathname": "2.2.0",
        "tiny-invariant": "1.0.6",
        "tiny-warning": "1.0.3",
        "value-equal": "0.4.0"
      }
    },
    "hoist-non-react-statics": {
      "version": "3.3.0",
      "resolved": "https://registry.npmjs.org/hoist-non-react-statics/-/hoist-non-react-statics-3.3.0.tgz",
      "integrity": "sha512-0XsbTXxgiaCDYDIWFcwkmerZPSwywfUqYmwT4jzewKTQSWoE6FCMoUVOeBJWK3E/CrWbxRG3m5GzY4lnIwGRBA==",
      "requires": {
        "react-is": "16.8.6"
      }
    },
    "hyphenate-style-name": {
      "version": "1.0.3",
      "resolved": "https://registry.npmjs.org/hyphenate-style-name/-/hyphenate-style-name-1.0.3.tgz",
      "integrity": "sha512-EcuixamT82oplpoJ2XU4pDtKGWQ7b00CD9f1ug9IaQ3p1bkHMiKCZ9ut9QDI6qsa6cpUuB+A/I+zLtdNK4n2DQ=="
    },
    "invariant": {
      "version": "2.2.4",
      "resolved": "https://registry.npmjs.org/invariant/-/invariant-2.2.4.tgz",
      "integrity": "sha512-phJfQVBuaJM5raOpJjSfkiD6BpbCE4Ns//LaXl6wGYtUBY83nWS6Rf9tXm2e8VaK60JEjYldbPif/A2B1C2gNA==",
      "requires": {
        "loose-envify": "1.4.0"
      }
    },
    "is-in-browser": {
      "version": "1.1.3",
      "resolved": "https://registry.npmjs.org/is-in-browser/-/is-in-browser-1.1.3.tgz",
      "integrity": "sha1-Vv9NtoOgeMYILrldrX3GLh0E+DU="
    },
    "is-plain-object": {
      "version": "3.0.0",
      "resolved": "https://registry.npmjs.org/is-plain-object/-/is-plain-object-3.0.0.tgz",
      "integrity": "sha512-tZIpofR+P05k8Aocp7UI/2UTa9lTJSebCXpFFoR9aibpokDj/uXBsJ8luUu0tTVYKkMU6URDUuOfJZ7koewXvg==",
      "requires": {
        "isobject": "4.0.0"
      }
    },
    "isarray": {
      "version": "0.0.1",
      "resolved": "https://registry.npmjs.org/isarray/-/isarray-0.0.1.tgz",
      "integrity": "sha1-ihis/Kmo9Bd+Cav8YDiTmwXR7t8="
    },
    "isobject": {
      "version": "4.0.0",
      "resolved": "https://registry.npmjs.org/isobject/-/isobject-4.0.0.tgz",
      "integrity": "sha512-S/2fF5wH8SJA/kmwr6HYhK/RI/OkhD84k8ntalo0iJjZikgq1XFvR5M8NPT1x5F7fBwCG3qHfnzeP/Vh/ZxCUA=="
    },
    "js-tokens": {
      "version": "4.0.0",
      "resolved": "https://registry.npmjs.org/js-tokens/-/js-tokens-4.0.0.tgz",
      "integrity": "sha512-RdJUflcE3cUzKiMqQgsCu06FPu9UdIJO0beYbPhHN4k6apgJtifcoCtT9bcxOpYBtpD2kCM6Sbzg4CausW/PKQ=="
    },
    "jss": {
      "version": "10.0.0-alpha.17",
      "resolved": "https://registry.npmjs.org/jss/-/jss-10.0.0-alpha.17.tgz",
      "integrity": "sha512-egGIUg+YRu0+U+XXlD0gmVtU/gW5sn7+qmDv7opwK5s8emZBE/VoN55X6CaMrAa0kLeGMldnI43KOWea6M9/mA==",
      "requires": {
        "@babel/runtime": "7.5.5",
        "is-in-browser": "1.1.3",
        "tiny-warning": "1.0.3"
      }
    },
    "jss-plugin-camel-case": {
      "version": "10.0.0-alpha.17",
      "resolved": "https://registry.npmjs.org/jss-plugin-camel-case/-/jss-plugin-camel-case-10.0.0-alpha.17.tgz",
      "integrity": "sha512-aPY4kr6MwliH7KToLRzeSk1NxXUo9n7MQsAa0Hghwj01x9UnMkDkGAKENMKUtPjGkQZfiJpB9tTLFrSJ/6VrIQ==",
      "requires": {
        "@babel/runtime": "7.5.5",
        "hyphenate-style-name": "1.0.3",
        "jss": "10.0.0-alpha.17"
      }
    },
    "jss-plugin-default-unit": {
      "version": "10.0.0-alpha.17",
      "resolved": "https://registry.npmjs.org/jss-plugin-default-unit/-/jss-plugin-default-unit-10.0.0-alpha.17.tgz",
      "integrity": "sha512-KQgiXczvzJ9AlFdD8NS7FZLub0NSctSrCA9Yi/GqdsfJg4ZCriU4DzIybCZBHCi/INFGJmLIESYWSxnuhAzgSQ==",
      "requires": {
        "@babel/runtime": "7.5.5",
        "jss": "10.0.0-alpha.17"
      }
    },
    "jss-plugin-global": {
      "version": "10.0.0-alpha.17",
      "resolved": "https://registry.npmjs.org/jss-plugin-global/-/jss-plugin-global-10.0.0-alpha.17.tgz",
      "integrity": "sha512-WYxiwwI+CLk0ozW8loeceqXBAZXBMsLBEZeRwVf9WX+FljdJkGwVZpRCk6LBX4aXnqAGyKqCxIAIJ3KP2yBdEg==",
      "requires": {
        "@babel/runtime": "7.5.5",
        "jss": "10.0.0-alpha.17"
      }
    },
    "jss-plugin-nested": {
      "version": "10.0.0-alpha.17",
      "resolved": "https://registry.npmjs.org/jss-plugin-nested/-/jss-plugin-nested-10.0.0-alpha.17.tgz",
      "integrity": "sha512-onpFqv904KCujryf2t6IIV1/QoB7cSF7ojrd4UujcN5TPvYOvXF5bchi7jnHG5U0SLlRSDGMLJ9fhtoCknhEbw==",
      "requires": {
        "@babel/runtime": "7.5.5",
        "jss": "10.0.0-alpha.17",
        "tiny-warning": "1.0.3"
      }
    },
    "jss-plugin-props-sort": {
      "version": "10.0.0-alpha.17",
      "resolved": "https://registry.npmjs.org/jss-plugin-props-sort/-/jss-plugin-props-sort-10.0.0-alpha.17.tgz",
      "integrity": "sha512-KnbyrxCbtQTqpDx2mSZU/r/E5QnDPIVfIxRi8K+W/q4gZpomBvqWC+xgvAk9hbpmA6QBoQaOilV8o12w2IZ6fg==",
      "requires": {
        "@babel/runtime": "7.5.5",
        "jss": "10.0.0-alpha.17"
      }
    },
    "jss-plugin-rule-value-function": {
      "version": "10.0.0-alpha.17",
      "resolved": "https://registry.npmjs.org/jss-plugin-rule-value-function/-/jss-plugin-rule-value-function-10.0.0-alpha.17.tgz",
      "integrity": "sha512-8AuJB44Q+ehfkWVRi2XlRbUf6SrLmrHTa5EXd6dgQRCCRuvGmqX8Dl4fZvNeKRFjTLPZgzg9+31rqeOMhKa2vA==",
      "requires": {
        "@babel/runtime": "7.5.5",
        "jss": "10.0.0-alpha.17"
      }
    },
    "jss-plugin-vendor-prefixer": {
      "version": "10.0.0-alpha.17",
      "resolved": "https://registry.npmjs.org/jss-plugin-vendor-prefixer/-/jss-plugin-vendor-prefixer-10.0.0-alpha.17.tgz",
      "integrity": "sha512-wDq9EL0QaoMGSGifPEBb+/SA9LBcqPEW0jpL9ht+Z2t+lV7NNz0j7uCEOuE6FvNWqHzUKTsiATs1rTHPkzNBEQ==",
      "requires": {
        "@babel/runtime": "7.5.5",
        "css-vendor": "2.0.5",
        "jss": "10.0.0-alpha.17"
      }
    },
    "loose-envify": {
      "version": "1.4.0",
      "resolved": "https://registry.npmjs.org/loose-envify/-/loose-envify-1.4.0.tgz",
      "integrity": "sha512-lyuxPGr/Wfhrlem2CL/UcnUc1zcqKAImBDzukY7Y5F/yQiNdko6+fRLevlw1HgMySw7f611UIY408EtxRSoK3Q==",
      "requires": {
        "js-tokens": "4.0.0"
      }
    },
    "material-table": {
      "version": "1.40.1",
      "resolved": "https://registry.npmjs.org/material-table/-/material-table-1.40.1.tgz",
      "integrity": "sha512-rZuGhNpXFzROlqJUVLH+E5yzt9MxaYVZfDNuHWtM9EWlbUGQJWuGQNcsSmdr0XeTCZkQvVnZYbEkRcUu+71rfQ==",
      "requires": {
        "@date-io/date-fns": "1.3.8",
        "@material-ui/core": "4.2.1",
        "@material-ui/pickers": "3.2.0",
        "classnames": "2.2.6",
        "date-fns": "2.0.0-beta.2",
        "debounce": "1.2.0",
        "filefy": "0.1.9",
        "prop-types": "15.7.2",
        "react-beautiful-dnd": "11.0.3",
        "react-double-scrollbar": "0.0.15"
      }
    },
    "memoize-one": {
      "version": "5.0.5",
      "resolved": "https://registry.npmjs.org/memoize-one/-/memoize-one-5.0.5.tgz",
      "integrity": "sha512-ey6EpYv0tEaIbM/nTDOpHciXUvd+ackQrJgEzBwemhZZIWZjcyodqEcrmqDy2BKRTM3a65kKBV4WtLXJDt26SQ=="
    },
    "mini-create-react-context": {
      "version": "0.3.2",
      "resolved": "https://registry.npmjs.org/mini-create-react-context/-/mini-create-react-context-0.3.2.tgz",
      "integrity": "sha512-2v+OeetEyliMt5VHMXsBhABoJ0/M4RCe7fatd/fBy6SMiKazUSEt3gxxypfnk2SHMkdBYvorHRoQxuGoiwbzAw==",
      "requires": {
        "@babel/runtime": "7.5.5",
        "gud": "1.0.0",
        "tiny-warning": "1.0.3"
      }
    },
    "normalize-scroll-left": {
      "version": "0.2.0",
      "resolved": "https://registry.npmjs.org/normalize-scroll-left/-/normalize-scroll-left-0.2.0.tgz",
      "integrity": "sha512-t5oCENZJl8TGusJKoCJm7+asaSsPuNmK6+iEjrZ5TyBj2f02brCRsd4c83hwtu+e5d4LCSBZ0uoDlMjBo+A8yA=="
    },
    "object-assign": {
      "version": "4.1.1",
      "resolved": "https://registry.npmjs.org/object-assign/-/object-assign-4.1.1.tgz",
      "integrity": "sha1-IQmtx5ZYh8/AXLvUQsrIv7s2CGM="
    },
    "path-to-regexp": {
      "version": "1.7.0",
      "resolved": "https://registry.npmjs.org/path-to-regexp/-/path-to-regexp-1.7.0.tgz",
      "integrity": "sha1-Wf3g9DW62suhA6hOnTvGTpa5k30=",
      "requires": {
        "isarray": "0.0.1"
      }
    },
    "popper.js": {
      "version": "1.15.0",
      "resolved": "https://registry.npmjs.org/popper.js/-/popper.js-1.15.0.tgz",
      "integrity": "sha512-w010cY1oCUmI+9KwwlWki+r5jxKfTFDVoadl7MSrIujHU5MJ5OR6HTDj6Xo8aoR/QsA56x8jKjA59qGH4ELtrA=="
    },
    "prop-types": {
      "version": "15.7.2",
      "resolved": "https://registry.npmjs.org/prop-types/-/prop-types-15.7.2.tgz",
      "integrity": "sha512-8QQikdH7//R2vurIJSutZ1smHYTcLpRWEOlHnzcWHmBYrOGUysKwSsrC89BCiFj3CbrfJ/nXFdJepOVrY1GCHQ==",
      "requires": {
        "loose-envify": "1.4.0",
        "object-assign": "4.1.1",
        "react-is": "16.8.6"
      }
    },
    "raf-schd": {
      "version": "4.0.2",
      "resolved": "https://registry.npmjs.org/raf-schd/-/raf-schd-4.0.2.tgz",
      "integrity": "sha512-VhlMZmGy6A6hrkJWHLNTGl5gtgMUm+xfGza6wbwnE914yeQ5Ybm18vgM734RZhMgfw4tacUrWseGZlpUrrakEQ=="
    },
    "react-beautiful-dnd": {
      "version": "11.0.3",
      "resolved": "https://registry.npmjs.org/react-beautiful-dnd/-/react-beautiful-dnd-11.0.3.tgz",
      "integrity": "sha512-2FX2SnOlKMmfn90xUHCav7cxRWXwY7FeRa6TzdxWeX7DdP5JTvVQcsWgiOkdbJSj+J+1q1nA9QO4/HQ52D0DAA==",
      "requires": {
        "@babel/runtime-corejs2": "7.5.5",
        "css-box-model": "1.1.3",
        "memoize-one": "5.0.5",
        "raf-schd": "4.0.2",
        "react-redux": "7.1.0",
        "redux": "4.0.4",
        "tiny-invariant": "1.0.6",
        "use-memo-one": "1.1.1"
      }
    },
    "react-double-scrollbar": {
      "version": "0.0.15",
      "resolved": "https://registry.npmjs.org/react-double-scrollbar/-/react-double-scrollbar-0.0.15.tgz",
      "integrity": "sha1-6RWrjLO5WYdwdfSUNt6/2wQoj+Q="
    },
    "react-is": {
      "version": "16.8.6",
      "resolved": "https://registry.npmjs.org/react-is/-/react-is-16.8.6.tgz",
      "integrity": "sha512-aUk3bHfZ2bRSVFFbbeVS4i+lNPZr3/WM5jT2J5omUVV1zzcs1nAaf3l51ctA5FFvCRbhrH0bdAsRRQddFJZPtA=="
    },
    "react-redux": {
      "version": "7.1.0",
      "resolved": "https://registry.npmjs.org/react-redux/-/react-redux-7.1.0.tgz",
      "integrity": "sha512-hyu/PoFK3vZgdLTg9ozbt7WF3GgX5+Yn3pZm5/96/o4UueXA+zj08aiSC9Mfj2WtD1bvpIb3C5yvskzZySzzaw==",
      "requires": {
        "@babel/runtime": "7.5.5",
        "hoist-non-react-statics": "3.3.0",
        "invariant": "2.2.4",
        "loose-envify": "1.4.0",
        "prop-types": "15.7.2",
        "react-is": "16.8.6"
      }
    },
    "react-router": {
      "version": "5.0.1",
      "resolved": "https://registry.npmjs.org/react-router/-/react-router-5.0.1.tgz",
      "integrity": "sha512-EM7suCPNKb1NxcTZ2LEOWFtQBQRQXecLxVpdsP4DW4PbbqYWeRiLyV/Tt1SdCrvT2jcyXAXmVTmzvSzrPR63Bg==",
      "requires": {
        "@babel/runtime": "7.5.5",
        "history": "4.9.0",
        "hoist-non-react-statics": "3.3.0",
        "loose-envify": "1.4.0",
        "mini-create-react-context": "0.3.2",
        "path-to-regexp": "1.7.0",
        "prop-types": "15.7.2",
        "react-is": "16.8.6",
        "tiny-invariant": "1.0.6",
        "tiny-warning": "1.0.3"
      }
    },
    "react-router-dom": {
      "version": "5.0.1",
      "resolved": "https://registry.npmjs.org/react-router-dom/-/react-router-dom-5.0.1.tgz",
      "integrity": "sha512-zaVHSy7NN0G91/Bz9GD4owex5+eop+KvgbxXsP/O+iW1/Ln+BrJ8QiIR5a6xNPtrdTvLkxqlDClx13QO1uB8CA==",
      "requires": {
        "@babel/runtime": "7.5.5",
        "history": "4.9.0",
        "loose-envify": "1.4.0",
        "prop-types": "15.7.2",
        "react-router": "5.0.1",
        "tiny-invariant": "1.0.6",
        "tiny-warning": "1.0.3"
      }
    },
    "react-transition-group": {
      "version": "4.2.1",
      "resolved": "https://registry.npmjs.org/react-transition-group/-/react-transition-group-4.2.1.tgz",
      "integrity": "sha512-IXrPr93VzCPupwm2O6n6C2kJIofJ/Rp5Ltihhm9UfE8lkuVX2ng/SUUl/oWjblybK9Fq2Io7LGa6maVqPB762Q==",
      "requires": {
        "@babel/runtime": "7.5.5",
        "dom-helpers": "3.4.0",
        "loose-envify": "1.4.0",
        "prop-types": "15.7.2"
      }
    },
    "redux": {
      "version": "4.0.4",
      "resolved": "https://registry.npmjs.org/redux/-/redux-4.0.4.tgz",
      "integrity": "sha512-vKv4WdiJxOWKxK0yRoaK3Y4pxxB0ilzVx6dszU2W8wLxlb2yikRph4iV/ymtdJ6ZxpBLFbyrxklnT5yBbQSl3Q==",
      "requires": {
        "loose-envify": "1.4.0",
        "symbol-observable": "1.2.0"
      }
    },
    "regenerator-runtime": {
      "version": "0.13.2",
      "resolved": "https://registry.npmjs.org/regenerator-runtime/-/regenerator-runtime-0.13.2.tgz",
      "integrity": "sha512-S/TQAZJO+D3m9xeN1WTI8dLKBBiRgXBlTJvbWjCThHWZj9EvHK70Ff50/tYj2J/fvBY6JtFVwRuazHN2E7M9BA=="
    },
    "resolve-pathname": {
      "version": "2.2.0",
      "resolved": "https://registry.npmjs.org/resolve-pathname/-/resolve-pathname-2.2.0.tgz",
      "integrity": "sha512-bAFz9ld18RzJfddgrO2e/0S2O81710++chRMUxHjXOYKF6jTAMrUNZrEZ1PvV0zlhfjidm08iRPdTLPno1FuRg=="
    },
    "rifm": {
      "version": "0.7.0",
      "resolved": "https://registry.npmjs.org/rifm/-/rifm-0.7.0.tgz",
      "integrity": "sha512-DSOJTWHD67860I5ojetXdEQRIBvF6YcpNe53j0vn1vp9EUb9N80EiZTxgP+FkDKorWC8PZw052kTF4C1GOivCQ==",
      "requires": {
        "@babel/runtime": "7.5.5"
      }
    },
    "symbol-observable": {
      "version": "1.2.0",
      "resolved": "https://registry.npmjs.org/symbol-observable/-/symbol-observable-1.2.0.tgz",
      "integrity": "sha512-e900nM8RRtGhlV36KGEU9k65K3mPb1WV70OdjfxlG2EAuM1noi/E/BaW/uMhL7bPEssK8QV57vN3esixjUvcXQ=="
    },
    "tiny-invariant": {
      "version": "1.0.6",
      "resolved": "https://registry.npmjs.org/tiny-invariant/-/tiny-invariant-1.0.6.tgz",
      "integrity": "sha512-FOyLWWVjG+aC0UqG76V53yAWdXfH8bO6FNmyZOuUrzDzK8DI3/JRY25UD7+g49JWM1LXwymsKERB+DzI0dTEQA=="
    },
    "tiny-warning": {
      "version": "1.0.3",
      "resolved": "https://registry.npmjs.org/tiny-warning/-/tiny-warning-1.0.3.tgz",
      "integrity": "sha512-lBN9zLN/oAf68o3zNXYrdCt1kP8WsiGW8Oo2ka41b2IM5JL/S1CTyX1rW0mb/zSuJun0ZUrDxx4sqvYS2FWzPA=="
    },
    "tslib": {
      "version": "1.10.0",
      "resolved": "https://registry.npmjs.org/tslib/-/tslib-1.10.0.tgz",
      "integrity": "sha512-qOebF53frne81cf0S9B41ByenJ3/IuH8yJKngAX35CmiZySA0khhkovshKK+jGCaMnVomla7gVlIcc3EvKPbTQ=="
    },
    "use-memo-one": {
      "version": "1.1.1",
      "resolved": "https://registry.npmjs.org/use-memo-one/-/use-memo-one-1.1.1.tgz",
      "integrity": "sha512-oFfsyun+bP7RX8X2AskHNTxu+R3QdE/RC5IefMbqptmACAA/gfol1KDD5KRzPsGMa62sWxGZw+Ui43u6x4ddoQ=="
    },
    "utility-types": {
      "version": "3.7.0",
      "resolved": "https://registry.npmjs.org/utility-types/-/utility-types-3.7.0.tgz",
      "integrity": "sha512-mqRJXN7dEArK/NZNJUubjr9kbFFVZcmF/JHDc9jt5O/aYXUVmopHYujDMhLmLil1Bxo2+khe6KAIVvDH9Yc4VA=="
    },
    "value-equal": {
      "version": "0.4.0",
      "resolved": "https://registry.npmjs.org/value-equal/-/value-equal-0.4.0.tgz",
      "integrity": "sha512-x+cYdNnaA3CxvMaTX0INdTCN8m8aF2uY9BvEqmxuYp8bL09cs/kWVQPVGcA35fMktdOsP69IgU7wFj/61dJHEw=="
    },
    "warning": {
      "version": "4.0.3",
      "resolved": "https://registry.npmjs.org/warning/-/warning-4.0.3.tgz",
      "integrity": "sha512-rpJyN222KWIvHJ/F53XSZv0Zl/accqHR8et1kpaMTD/fLCRxtV8iX8czMzY7sVZupTI3zcUTg8eycS2kNF9l6w==",
      "requires": {
        "loose-envify": "1.4.0"
      }
    }
  }
}
